
Microsoft Visual Studio Solution File, Format Version 12.00
# Visual Studio Version 17
VisualStudioVersion = 17.7.34018.315
MinimumVisualStudioVersion = 10.0.40219.1
Project("{9A19103F-16F7-4668-BE54-9A1E7A4F7556}") = "Ord.Plugin.Core", "shared\Ord.Plugin.Core\Ord.Plugin.Core.csproj", "{2B780FA5-FE49-499F-A348-251236D19E54}"
EndProject
Project("{2150E333-8FDC-42A3-9474-1A3956D46DE8}") = "shared", "shared", "{8B8A6975-BF7D-471F-BF2B-AA847B65808F}"
EndProject
Project("{2150E333-8FDC-42A3-9474-1A3956D46DE8}") = "plugins", "plugins", "{6610CF6A-FA21-4756-9B8C-806AC45CB69C}"
EndProject
Project("{9A19103F-16F7-4668-BE54-9A1E7A4F7556}") = "Ord.Plugin.Auth", "ord-plugins\ord.auth\Ord.Plugin.Auth\Ord.Plugin.Auth.csproj", "{8D2D30C2-3160-4207-9DEA-F1415347CABC}"
EndProject
Project("{9A19103F-16F7-4668-BE54-9A1E7A4F7556}") = "Ord.Plugin.Contract", "shared\Ord.Plugin.Contract\Ord.Plugin.Contract.csproj", "{063FCE93-0EE2-42E0-9004-18AC8597B838}"
EndProject
Project("{9A19103F-16F7-4668-BE54-9A1E7A4F7556}") = "Ord.Plugin.HostBase", "shared\Ord.Plugin.HostBase\Ord.Plugin.HostBase.csproj", "{7B3C45A0-D57E-4F37-9331-1981CBA61AD0}"
EndProject
Project("{2150E333-8FDC-42A3-9474-1A3956D46DE8}") = "Auth", "Auth", "{40BA1F60-C275-43C4-9F55-06C49C48C3C0}"
EndProject
Project("{FAE04EC0-301F-11D3-BF4B-00C04F79EFBC}") = "Ord.Plugin.Auth.Shared", "ord-plugins\ord.auth\Ord.Plugin.Auth.Shared\Ord.Plugin.Auth.Shared.csproj", "{5A897037-54A1-0729-42CC-E79487691953}"
EndProject
Project("{2150E333-8FDC-42A3-9474-1A3956D46DE8}") = "database", "database", "{02EA681E-C7D8-13C7-8484-4AC65E1B71E8}"
EndProject
Project("{FAE04EC0-301F-11D3-BF4B-00C04F79EFBC}") = "Ord.Zero.HttpHost", "host\Ord.Zero.HttpHost\Ord.Zero.HttpHost.csproj", "{701BD284-E51C-39C0-82EC-6872E5AAEEB6}"
EndProject
Project("{FAE04EC0-301F-11D3-BF4B-00C04F79EFBC}") = "Ord.Domain", "ord-plugins\ord.domain\Ord.Domain.csproj", "{6F5E5CB1-CC31-B155-75EE-C7395E50751F}"
EndProject
Project("{FAE04EC0-301F-11D3-BF4B-00C04F79EFBC}") = "Ord.EfCore.Default", "ord-plugins\ord.EntityFrameworkCore\ord.ef.default\Ord.EfCore.Default.csproj", "{3DA86500-01B5-365A-BF5F-50D8F7DF1127}"
EndProject
Project("{FAE04EC0-301F-11D3-BF4B-00C04F79EFBC}") = "Ord.EfCore.Default.MigrateDb", "ord-plugins\ord.EntityFrameworkCore\ord.ef.default.migrate\Ord.EfCore.Default.MigrateDb.csproj", "{CD70DD0F-2A0F-D4BE-00DA-71495985DF90}"
EndProject
Project("{2150E333-8FDC-42A3-9474-1A3956D46DE8}") = "MasterData", "MasterData", "{D3DA6B64-6002-41AD-ADB0-BE37202E93AC}"
EndProject
Project("{FAE04EC0-301F-11D3-BF4B-00C04F79EFBC}") = "Ord.Plugin.MasterData", "ord-plugins\ord.MasterData\Ord.Plugin.MasterData\Ord.Plugin.MasterData.csproj", "{C7472831-4A15-A62D-25C7-95D564B71C1B}"
EndProject
Project("{FAE04EC0-301F-11D3-BF4B-00C04F79EFBC}") = "Ord.Plugin.MasterData.Shared", "ord-plugins\ord.MasterData\Ord.Plugin.MasterData.Shared\Ord.Plugin.MasterData.Shared.csproj", "{2B30172D-DC3C-A281-31B7-95D79EEB2FF0}"
EndProject
Global
	GlobalSection(SolutionConfigurationPlatforms) = preSolution
		Debug|Any CPU = Debug|Any CPU
		Release|Any CPU = Release|Any CPU
	EndGlobalSection
	GlobalSection(ProjectConfigurationPlatforms) = postSolution
		{2B780FA5-FE49-499F-A348-251236D19E54}.Debug|Any CPU.ActiveCfg = Debug|Any CPU
		{2B780FA5-FE49-499F-A348-251236D19E54}.Debug|Any CPU.Build.0 = Debug|Any CPU
		{2B780FA5-FE49-499F-A348-251236D19E54}.Release|Any CPU.ActiveCfg = Release|Any CPU
		{2B780FA5-FE49-499F-A348-251236D19E54}.Release|Any CPU.Build.0 = Release|Any CPU
		{8D2D30C2-3160-4207-9DEA-F1415347CABC}.Debug|Any CPU.ActiveCfg = Debug|Any CPU
		{8D2D30C2-3160-4207-9DEA-F1415347CABC}.Debug|Any CPU.Build.0 = Debug|Any CPU
		{8D2D30C2-3160-4207-9DEA-F1415347CABC}.Release|Any CPU.ActiveCfg = Release|Any CPU
		{8D2D30C2-3160-4207-9DEA-F1415347CABC}.Release|Any CPU.Build.0 = Release|Any CPU
		{063FCE93-0EE2-42E0-9004-18AC8597B838}.Debug|Any CPU.ActiveCfg = Debug|Any CPU
		{063FCE93-0EE2-42E0-9004-18AC8597B838}.Debug|Any CPU.Build.0 = Debug|Any CPU
		{063FCE93-0EE2-42E0-9004-18AC8597B838}.Release|Any CPU.ActiveCfg = Release|Any CPU
		{063FCE93-0EE2-42E0-9004-18AC8597B838}.Release|Any CPU.Build.0 = Release|Any CPU
		{7B3C45A0-D57E-4F37-9331-1981CBA61AD0}.Debug|Any CPU.ActiveCfg = Debug|Any CPU
		{7B3C45A0-D57E-4F37-9331-1981CBA61AD0}.Debug|Any CPU.Build.0 = Debug|Any CPU
		{7B3C45A0-D57E-4F37-9331-1981CBA61AD0}.Release|Any CPU.ActiveCfg = Release|Any CPU
		{7B3C45A0-D57E-4F37-9331-1981CBA61AD0}.Release|Any CPU.Build.0 = Release|Any CPU
		{5A897037-54A1-0729-42CC-E79487691953}.Debug|Any CPU.ActiveCfg = Debug|Any CPU
		{5A897037-54A1-0729-42CC-E79487691953}.Debug|Any CPU.Build.0 = Debug|Any CPU
		{5A897037-54A1-0729-42CC-E79487691953}.Release|Any CPU.ActiveCfg = Release|Any CPU
		{5A897037-54A1-0729-42CC-E79487691953}.Release|Any CPU.Build.0 = Release|Any CPU
		{701BD284-E51C-39C0-82EC-6872E5AAEEB6}.Debug|Any CPU.ActiveCfg = Debug|Any CPU
		{701BD284-E51C-39C0-82EC-6872E5AAEEB6}.Debug|Any CPU.Build.0 = Debug|Any CPU
		{701BD284-E51C-39C0-82EC-6872E5AAEEB6}.Release|Any CPU.ActiveCfg = Release|Any CPU
		{701BD284-E51C-39C0-82EC-6872E5AAEEB6}.Release|Any CPU.Build.0 = Release|Any CPU
		{6F5E5CB1-CC31-B155-75EE-C7395E50751F}.Debug|Any CPU.ActiveCfg = Debug|Any CPU
		{6F5E5CB1-CC31-B155-75EE-C7395E50751F}.Debug|Any CPU.Build.0 = Debug|Any CPU
		{6F5E5CB1-CC31-B155-75EE-C7395E50751F}.Release|Any CPU.ActiveCfg = Release|Any CPU
		{6F5E5CB1-CC31-B155-75EE-C7395E50751F}.Release|Any CPU.Build.0 = Release|Any CPU
		{3DA86500-01B5-365A-BF5F-50D8F7DF1127}.Debug|Any CPU.ActiveCfg = Debug|Any CPU
		{3DA86500-01B5-365A-BF5F-50D8F7DF1127}.Debug|Any CPU.Build.0 = Debug|Any CPU
		{3DA86500-01B5-365A-BF5F-50D8F7DF1127}.Release|Any CPU.ActiveCfg = Release|Any CPU
		{3DA86500-01B5-365A-BF5F-50D8F7DF1127}.Release|Any CPU.Build.0 = Release|Any CPU
		{CD70DD0F-2A0F-D4BE-00DA-71495985DF90}.Debug|Any CPU.ActiveCfg = Debug|Any CPU
		{CD70DD0F-2A0F-D4BE-00DA-71495985DF90}.Debug|Any CPU.Build.0 = Debug|Any CPU
		{CD70DD0F-2A0F-D4BE-00DA-71495985DF90}.Release|Any CPU.ActiveCfg = Release|Any CPU
		{CD70DD0F-2A0F-D4BE-00DA-71495985DF90}.Release|Any CPU.Build.0 = Release|Any CPU
		{C7472831-4A15-A62D-25C7-95D564B71C1B}.Debug|Any CPU.ActiveCfg = Debug|Any CPU
		{C7472831-4A15-A62D-25C7-95D564B71C1B}.Debug|Any CPU.Build.0 = Debug|Any CPU
		{C7472831-4A15-A62D-25C7-95D564B71C1B}.Release|Any CPU.ActiveCfg = Release|Any CPU
		{C7472831-4A15-A62D-25C7-95D564B71C1B}.Release|Any CPU.Build.0 = Release|Any CPU
		{2B30172D-DC3C-A281-31B7-95D79EEB2FF0}.Debug|Any CPU.ActiveCfg = Debug|Any CPU
		{2B30172D-DC3C-A281-31B7-95D79EEB2FF0}.Debug|Any CPU.Build.0 = Debug|Any CPU
		{2B30172D-DC3C-A281-31B7-95D79EEB2FF0}.Release|Any CPU.ActiveCfg = Release|Any CPU
		{2B30172D-DC3C-A281-31B7-95D79EEB2FF0}.Release|Any CPU.Build.0 = Release|Any CPU
	EndGlobalSection
	GlobalSection(SolutionProperties) = preSolution
		HideSolutionNode = FALSE
	EndGlobalSection
	GlobalSection(NestedProjects) = preSolution
		{2B780FA5-FE49-499F-A348-251236D19E54} = {8B8A6975-BF7D-471F-BF2B-AA847B65808F}
		{8D2D30C2-3160-4207-9DEA-F1415347CABC} = {40BA1F60-C275-43C4-9F55-06C49C48C3C0}
		{063FCE93-0EE2-42E0-9004-18AC8597B838} = {8B8A6975-BF7D-471F-BF2B-AA847B65808F}
		{7B3C45A0-D57E-4F37-9331-1981CBA61AD0} = {8B8A6975-BF7D-471F-BF2B-AA847B65808F}
		{40BA1F60-C275-43C4-9F55-06C49C48C3C0} = {6610CF6A-FA21-4756-9B8C-806AC45CB69C}
		{5A897037-54A1-0729-42CC-E79487691953} = {40BA1F60-C275-43C4-9F55-06C49C48C3C0}
		{6F5E5CB1-CC31-B155-75EE-C7395E50751F} = {8B8A6975-BF7D-471F-BF2B-AA847B65808F}
		{3DA86500-01B5-365A-BF5F-50D8F7DF1127} = {02EA681E-C7D8-13C7-8484-4AC65E1B71E8}
		{CD70DD0F-2A0F-D4BE-00DA-71495985DF90} = {02EA681E-C7D8-13C7-8484-4AC65E1B71E8}
		{D3DA6B64-6002-41AD-ADB0-BE37202E93AC} = {6610CF6A-FA21-4756-9B8C-806AC45CB69C}
		{C7472831-4A15-A62D-25C7-95D564B71C1B} = {D3DA6B64-6002-41AD-ADB0-BE37202E93AC}
		{2B30172D-DC3C-A281-31B7-95D79EEB2FF0} = {D3DA6B64-6002-41AD-ADB0-BE37202E93AC}
	EndGlobalSection
	GlobalSection(ExtensibilityGlobals) = postSolution
		SolutionGuid = {62A59D7D-8867-4242-9489-2A5BD6E40CBF}
	EndGlobalSection
EndGlobal
